// !$*UTF8*$!
{
	archiveVersion = 1;
	classes = {
	};
	objectVersion = 54;
	objects = {

/* Begin PBXBuildFile section */
		2F3881E51468D967EB140DAA /* MenuBarState.swift in Sources */ = {isa = PBXBuildFile; fileRef = 3A924A3631C5BBB33EF534D0 /* MenuBarState.swift */; };
		6E8BD675D973771100B6AAD2 /* Logger.swift in Sources */ = {isa = PBXBuildFile; fileRef = DDD2A8C84E9256B59CAE189A /* Logger.swift */; };
		8D2B600B1D71FF658EB0D9D8 /* NetworkInterfaceResolver.swift in Sources */ = {isa = PBXBuildFile; fileRef = 7BB2CADE4024EBC1136EED1E /* NetworkInterfaceResolver.swift */; };
		A1BA9E92A8D73C5FAEDD6EAC /* MenuBarIconGenerator.swift in Sources */ = {isa = PBXBuildFile; fileRef = 04FBB81BE58B7FE0D38CD718 /* MenuBarIconGenerator.swift */; };
		A39BF94D04885CF963849334 /* NetSpeedMonitorApp.swift in Sources */ = {isa = PBXBuildFile; fileRef = 36EBAEC23088C1439757C322 /* NetSpeedMonitorApp.swift */; };
		A6A447DF99D3F4C81E443359 /* Assets.xcassets in Resources */ = {isa = PBXBuildFile; fileRef = 4E320D687654E132523BB7D0 /* Assets.xcassets */; };
		AB885C57AD6205DF61505D86 /* NetworkStatsMonitor.swift in Sources */ = {isa = PBXBuildFile; fileRef = 82AB0E51E7C1F3AD19F77387 /* NetworkStatsMonitor.swift */; };
		DFA3CFC53E55E9AE20BEC645 /* MenuContentView.swift in Sources */ = {isa = PBXBuildFile; fileRef = 50920C900739883D2F8805F8 /* MenuContentView.swift */; };
/* End PBXBuildFile section */

/* Begin PBXFileReference section */
		04FBB81BE58B7FE0D38CD718 /* MenuBarIconGenerator.swift */ = {isa = PBXFileReference; includeInIndex = 1; lastKnownFileType = sourcecode.swift; name = MenuBarIconGenerator.swift; path = ../src/MenuBarIconGenerator.swift; sourceTree = "<group>"; };
		36EBAEC23088C1439757C322 /* NetSpeedMonitorApp.swift */ = {isa = PBXFileReference; includeInIndex = 1; lastKnownFileType = sourcecode.swift; name = NetSpeedMonitorApp.swift; path = ../src/NetSpeedMonitorApp.swift; sourceTree = "<group>"; };
		3A924A3631C5BBB33EF534D0 /* MenuBarState.swift */ = {isa = PBXFileReference; includeInIndex = 1; lastKnownFileType = sourcecode.swift; name = MenuBarState.swift; path = ../src/MenuBarState.swift; sourceTree = "<group>"; };
		4E320D687654E132523BB7D0 /* Assets.xcassets */ = {isa = PBXFileReference; includeInIndex = 1; lastKnownFileType = folder.assetcatalog; name = Assets.xcassets; path = ../src/Assets.xcassets; sourceTree = "<group>"; };
		50920C900739883D2F8805F8 /* MenuContentView.swift */ = {isa = PBXFileReference; includeInIndex = 1; lastKnownFileType = sourcecode.swift; name = MenuContentView.swift; path = ../src/MenuContentView.swift; sourceTree = "<group>"; };
		5DD515382F9E0C38007B2B98 /* NetSpeedMonitorSwift.app */ = {isa = PBXFileReference; explicitFileType = wrapper.application; includeInIndex = 0; path = NetSpeedMonitorSwift.app; sourceTree = BUILT_PRODUCTS_DIR; };
		7BB2CADE4024EBC1136EED1E /* NetworkInterfaceResolver.swift */ = {isa = PBXFileReference; includeInIndex = 1; lastKnownFileType = sourcecode.swift; name = NetworkInterfaceResolver.swift; path = ../src/NetworkInterfaceResolver.swift; sourceTree = "<group>"; };
		82AB0E51E7C1F3AD19F77387 /* NetworkStatsMonitor.swift */ = {isa = PBXFileReference; includeInIndex = 1; lastKnownFileType = sourcecode.swift; name = NetworkStatsMonitor.swift; path = ../src/NetworkStatsMonitor.swift; sourceTree = "<group>"; };
		DDD2A8C84E9256B59CAE189A /* Logger.swift */ = {isa = PBXFileReference; includeInIndex = 1; lastKnownFileType = sourcecode.swift; name = Logger.swift; path = ../src/Logger.swift; sourceTree = "<group>"; };
/* End PBXFileReference section */

/* Begin PBXFrameworksBuildPhase section */
		9278F9E545E14D7F313F47DA /* Frameworks */ = {
			isa = PBXFrameworksBuildPhase;
			buildActionMask = 2147483647;
			files = (
			);
			runOnlyForDeploymentPostprocessing = 0;
		};
/* End PBXFrameworksBuildPhase section */

/* Begin PBXGroup section */
		3E6E7F195E1675550420B446 = {
			isa = PBXGroup;
			children = (
				897F716214B2C88730F0A8FE /* NetSpeedMonitorSwift */,
				5DD515382F9E0C38007B2B98 /* NetSpeedMonitorSwift.app */,
			);
			sourceTree = "<group>";
		};
		897F716214B2C88730F0A8FE /* NetSpeedMonitorSwift */ = {
			isa = PBXGroup;
			children = (
				DDD2A8C84E9256B59CAE189A /* Logger.swift */,
				04FBB81BE58B7FE0D38CD718 /* MenuBarIconGenerator.swift */,
				3A924A3631C5BBB33EF534D0 /* MenuBarState.swift */,
				50920C900739883D2F8805F8 /* MenuContentView.swift */,
				36EBAEC23088C1439757C322 /* NetSpeedMonitorApp.swift */,
				7BB2CADE4024EBC1136EED1E /* NetworkInterfaceResolver.swift */,
				82AB0E51E7C1F3AD19F77387 /* NetworkStatsMonitor.swift */,
				4E320D687654E132523BB7D0 /* Assets.xcassets */,
			);
			path = NetSpeedMonitorSwift;
			sourceTree = "<group>";
		};
/* End PBXGroup section */

/* Begin PBXNativeTarget section */
		F0D7D8B0FDB14E91879B9187 /* NetSpeedMonitorSwift */ = {
			isa = PBXNativeTarget;
			buildConfigurationList = 8185E266F4A6D99B7AEB26CE /* Build configuration list for PBXNativeTarget "NetSpeedMonitorSwift" */;
			buildPhases = (
				7A97EF7D6800EF487C0BDB4C /* Sources */,
				9278F9E545E14D7F313F47DA /* Frameworks */,
				7FC8582C6A5EDF45DD45E62B /* Resources */,
			);
			buildRules = (
			);
			dependencies = (
			);
			name = NetSpeedMonitorSwift;
			productName = NetSpeedMonitorSwift;
			productReference = 5DD515382F9E0C38007B2B98 /* NetSpeedMonitorSwift.app */;
			productType = "com.apple.product-type.application";
		};
/* End PBXNativeTarget section */

/* Begin PBXProject section */
		C22B347EFE76319AE059E919 /* Project object */ = {
			isa = PBXProject;
			attributes = {
				BuildIndependentTargetsInParallel = YES;
				LastSwiftUpdateCheck = 1600;
				LastUpgradeCheck = 2640;
			};
			buildConfigurationList = 4CFFA110150F184DC0C9A858 /* Build configuration list for PBXProject "NetSpeedMonitorSwift" */;
			compatibilityVersion = "Xcode 3.2";
			developmentRegion = en;
			hasScannedForEncodings = 0;
			knownRegions = (
				en,
				Base,
			);
			mainGroup = 3E6E7F195E1675550420B446;
			productRefGroup = 3E6E7F195E1675550420B446;
			projectDirPath = "";
			projectRoot = "";
			targets = (
				F0D7D8B0FDB14E91879B9187 /* NetSpeedMonitorSwift */,
			);
		};
/* End PBXProject section */

/* Begin PBXResourcesBuildPhase section */
		7FC8582C6A5EDF45DD45E62B /* Resources */ = {
			isa = PBXResourcesBuildPhase;
			buildActionMask = 2147483647;
			files = (
				A6A447DF99D3F4C81E443359 /* Assets.xcassets in Resources */,
			);
			runOnlyForDeploymentPostprocessing = 0;
		};
/* End PBXResourcesBuildPhase section */

/* Begin PBXSourcesBuildPhase section */
		7A97EF7D6800EF487C0BDB4C /* Sources */ = {
			isa = PBXSourcesBuildPhase;
			buildActionMask = 2147483647;
			files = (
				6E8BD675D973771100B6AAD2 /* Logger.swift in Sources */,
				A1BA9E92A8D73C5FAEDD6EAC /* MenuBarIconGenerator.swift in Sources */,
				2F3881E51468D967EB140DAA /* MenuBarState.swift in Sources */,
				DFA3CFC53E55E9AE20BEC645 /* MenuContentView.swift in Sources */,
				A39BF94D04885CF963849334 /* NetSpeedMonitorApp.swift in Sources */,
				8D2B600B1D71FF658EB0D9D8 /* NetworkInterfaceResolver.swift in Sources */,
				AB885C57AD6205DF61505D86 /* NetworkStatsMonitor.swift in Sources */,
			);
			runOnlyForDeploymentPostprocessing = 0;
		};
/* End PBXSourcesBuildPhase section */

/* Begin XCBuildConfiguration section */
		126836623C027547043A59E0 /* Release */ = {
			isa = XCBuildConfiguration;
			buildSettings = {
				ASSETCATALOG_COMPILER_APPICON_NAME = AppIcon;
				ASSETCATALOG_COMPILER_GENERATE_SWIFT_ASSET_SYMBOL_EXTENSIONS = YES;
				CODE_SIGN_STYLE = Automatic;
				COMBINE_HIDPI_IMAGES = YES;
				CURRENT_PROJECT_VERSION = 2;
				DEAD_CODE_STRIPPING = YES;
				GENERATE_INFOPLIST_FILE = YES;
				INFOPLIST_KEY_LSApplicationCategoryType = "public.app-category.utilities";
				INFOPLIST_KEY_LSUIElement = YES;
				INFOPLIST_KEY_NSHumanReadableCopyright = "";
				LD_RUNPATH_SEARCH_PATHS = (
					"$(inherited)",
					"@executable_path/../Frameworks",
				);
				MACOSX_DEPLOYMENT_TARGET = 15.0;
				MARKETING_VERSION = 1.2.0;
				PRODUCT_BUNDLE_IDENTIFIER = art.anjing.NetSpeedMonitorSwift;
				PRODUCT_NAME = NetSpeedMonitorSwift;
				SDKROOT = macosx;
				SUPPORTED_PLATFORMS = macosx;
				SWIFT_EMIT_LOC_STRINGS = YES;
				SWIFT_VERSION = 6.0;
			};
			name = Release;
		};
		4C53F509CE9AF60A0EC31E3F /* Debug */ = {
			isa = XCBuildConfiguration;
			buildSettings = {
				ASSETCATALOG_COMPILER_APPICON_NAME = AppIcon;
				ASSETCATALOG_COMPILER_GENERATE_SWIFT_ASSET_SYMBOL_EXTENSIONS = YES;
				CODE_SIGN_STYLE = Automatic;
				COMBINE_HIDPI_IMAGES = YES;
				CURRENT_PROJECT_VERSION = 2;
				DEAD_CODE_STRIPPING = YES;
				GENERATE_INFOPLIST_FILE = YES;
				INFOPLIST_KEY_LSApplicationCategoryType = "public.app-category.utilities";
				INFOPLIST_KEY_LSUIElement = YES;
				INFOPLIST_KEY_NSHumanReadableCopyright = "";
				LD_RUNPATH_SEARCH_PATHS = (
					"$(inherited)",
					"@executable_path/../Frameworks",
				);
				MACOSX_DEPLOYMENT_TARGET = 15.0;
				MARKETING_VERSION = 1.2.0;
				PRODUCT_BUNDLE_IDENTIFIER = art.anjing.NetSpeedMonitorSwift;
				PRODUCT_NAME = NetSpeedMonitorSwift;
				SDKROOT = macosx;
				SUPPORTED_PLATFORMS = macosx;
				SWIFT_EMIT_LOC_STRINGS = YES;
				SWIFT_VERSION = 6.0;
			};
			name = Debug;
		};
		E297A5D9F62EE44C89F0F169 /* Debug */ = {
			isa = XCBuildConfiguration;
			buildSettings = {
				ALWAYS_SEARCH_USER_PATHS = NO;
				CLANG_ANALYZER_NONNULL = YES;
				CLANG_ANALYZER_NUMBER_OBJECT_CONVERSION = YES_AGGRESSIVE;
				CLANG_CXX_LANGUAGE_STANDARD = "gnu++14";
				CLANG_CXX_LIBRARY = "libc++";
				CLANG_ENABLE_MODULES = YES;
				CLANG_ENABLE_OBJC_ARC = YES;
				CLANG_ENABLE_OBJC_WEAK = YES;
				CLANG_WARN_BLOCK_CAPTURE_AUTORELEASING = YES;
				CLANG_WARN_BOOL_CONVERSION = YES;
				CLANG_WARN_COMMA = YES;
				CLANG_WARN_CONSTANT_CONVERSION = YES;
				CLANG_WARN_DEPRECATED_OBJC_IMPLEMENTATIONS = YES;
				CLANG_WARN_DIRECT_OBJC_ISA_USAGE = YES_ERROR;
				CLANG_WARN_DOCUMENTATION_COMMENTS = YES;
				CLANG_WARN_EMPTY_BODY = YES;
				CLANG_WARN_ENUM_CONVERSION = YES;
				CLANG_WARN_INFINITE_RECURSION = YES;
				CLANG_WARN_INT_CONVERSION = YES;
				CLANG_WARN_NON_LITERAL_NULL_CONVERSION = YES;
				CLANG_WARN_OBJC_IMPLICIT_RETAIN_SELF = YES;
				CLANG_WARN_OBJC_LITERAL_CONVERSION = YES;
				CLANG_WARN_OBJC_ROOT_CLASS = YES_ERROR;
				CLANG_WARN_QUOTED_INCLUDE_IN_FRAMEWORK_HEADER = YES;
				CLANG_WARN_RANGE_LOOP_ANALYSIS = YES;
				CLANG_WARN_STRICT_PROTOTYPES = YES;
				CLANG_WARN_SUSPICIOUS_MOVE = YES;
				CLANG_WARN_UNGUARDED_AVAILABILITY = YES_AGGRESSIVE;
				CLANG_WARN_UNREACHABLE_CODE = YES;
				CLANG_WARN__DUPLICATE_METHOD_MATCH = YES;
				COPY_PHASE_STRIP = NO;
				DEAD_CODE_STRIPPING = YES;
				DEBUG_INFORMATION_FORMAT = dwarf;
				ENABLE_STRICT_OBJC_MSGSEND = YES;
				ENABLE_TESTABILITY = YES;
				ENABLE_USER_SCRIPT_SANDBOXING = YES;
				GCC_C_LANGUAGE_STANDARD = gnu11;
				GCC_DYNAMIC_NO_PIC = NO;
				GCC_NO_COMMON_BLOCKS = YES;
				GCC_OPTIMIZATION_LEVEL = 0;
				GCC_PREPROCESSOR_DEFINITIONS = (
					"DEBUG=1",
					"$(inherited)",
				);
				GCC_WARN_64_TO_32_BIT_CONVERSION = YES;
				GCC_WARN_ABOUT_RETURN_TYPE = YES_ERROR;
				GCC_WARN_UNDECLARED_SELECTOR = YES;
				GCC_WARN_UNINITIALIZED_AUTOS = YES_AGGRESSIVE;
				GCC_WARN_UNUSED_FUNCTION = YES;
				GCC_WARN_UNUSED_VARIABLE = YES;
				MTL_ENABLE_DEBUG_INFO = INCLUDE_SOURCE;
				MTL_FAST_MATH = YES;
				ONLY_ACTIVE_ARCH = YES;
				PRODUCT_NAME = "$(TARGET_NAME)";
				STRING_CATALOG_GENERATE_SYMBOLS = YES;
				SWIFT_ACTIVE_COMPILATION_CONDITIONS = DEBUG;
				SWIFT_OPTIMIZATION_LEVEL = "-Onone";
				SWIFT_VERSION = 6.0;
			};
			name = Debug;
		};
		F884A3D2873C9B8A3E270486 /* Release */ = {
			isa = XCBuildConfiguration;
			buildSettings = {
				ALWAYS_SEARCH_USER_PATHS = NO;
				CLANG_ANALYZER_NONNULL = YES;
				CLANG_ANALYZER_NUMBER_OBJECT_CONVERSION = YES_AGGRESSIVE;
				CLANG_CXX_LANGUAGE_STANDARD = "gnu++14";
				CLANG_CXX_LIBRARY = "libc++";
				CLANG_ENABLE_MODULES = YES;
				CLANG_ENABLE_OBJC_ARC = YES;
				CLANG_ENABLE_OBJC_WEAK = YES;
				CLANG_WARN_BLOCK_CAPTURE_AUTORELEASING = YES;
				CLANG_WARN_BOOL_CONVERSION = YES;
				CLANG_WARN_COMMA = YES;
				CLANG_WARN_CONSTANT_CONVERSION = YES;
				CLANG_WARN_DEPRECATED_OBJC_IMPLEMENTATIONS = YES;
				CLANG_WARN_DIRECT_OBJC_ISA_USAGE = YES_ERROR;
				CLANG_WARN_DOCUMENTATION_COMMENTS = YES;
				CLANG_WARN_EMPTY_BODY = YES;
				CLANG_WARN_ENUM_CONVERSION = YES;
				CLANG_WARN_INFINITE_RECURSION = YES;
				CLANG_WARN_INT_CONVERSION = YES;
				CLANG_WARN_NON_LITERAL_NULL_CONVERSION = YES;
				CLANG_WARN_OBJC_IMPLICIT_RETAIN_SELF = YES;
				CLANG_WARN_OBJC_LITERAL_CONVERSION = YES;
				CLANG_WARN_OBJC_ROOT_CLASS = YES_ERROR;
				CLANG_WARN_QUOTED_INCLUDE_IN_FRAMEWORK_HEADER = YES;
				CLANG_WARN_RANGE_LOOP_ANALYSIS = YES;
				CLANG_WARN_STRICT_PROTOTYPES = YES;
				CLANG_WARN_SUSPICIOUS_MOVE = YES;
				CLANG_WARN_UNGUARDED_AVAILABILITY = YES_AGGRESSIVE;
				CLANG_WARN_UNREACHABLE_CODE = YES;
				CLANG_WARN__DUPLICATE_METHOD_MATCH = YES;
				COPY_PHASE_STRIP = NO;
				DEAD_CODE_STRIPPING = YES;
				DEBUG_INFORMATION_FORMAT = "dwarf-with-dsym";
				ENABLE_NS_ASSERTIONS = NO;
				ENABLE_STRICT_OBJC_MSGSEND = YES;
				ENABLE_USER_SCRIPT_SANDBOXING = YES;
				GCC_C_LANGUAGE_STANDARD = gnu11;
				GCC_NO_COMMON_BLOCKS = YES;
				GCC_WARN_64_TO_32_BIT_CONVERSION = YES;
				GCC_WARN_ABOUT_RETURN_TYPE = YES_ERROR;
				GCC_WARN_UNDECLARED_SELECTOR = YES;
				GCC_WARN_UNINITIALIZED_AUTOS = YES_AGGRESSIVE;
				GCC_WARN_UNUSED_FUNCTION = YES;
				GCC_WARN_UNUSED_VARIABLE = YES;
				MTL_ENABLE_DEBUG_INFO = NO;
				MTL_FAST_MATH = YES;
				PRODUCT_NAME = "$(TARGET_NAME)";
				STRING_CATALOG_GENERATE_SYMBOLS = YES;
				SWIFT_COMPILATION_MODE = wholemodule;
				SWIFT_OPTIMIZATION_LEVEL = "-O";
				SWIFT_VERSION = 6.0;
			};
			name = Release;
		};
/* End XCBuildConfiguration section */

/* Begin XCConfigurationList section */
		4CFFA110150F184DC0C9A858 /* Build configuration list for PBXProject "NetSpeedMonitorSwift" */ = {
			isa = XCConfigurationList;
			buildConfigurations = (
				E297A5D9F62EE44C89F0F169 /* Debug */,
				F884A3D2873C9B8A3E270486 /* Release */,
			);
			defaultConfigurationIsVisible = 0;
			defaultConfigurationName = Release;
		};
		8185E266F4A6D99B7AEB26CE /* Build configuration list for PBXNativeTarget "NetSpeedMonitorSwift" */ = {
			isa = XCConfigurationList;
			buildConfigurations = (
				126836623C027547043A59E0 /* Release */,
				4C53F509CE9AF60A0EC31E3F /* Debug */,
			);
			defaultConfigurationIsVisible = 0;
			defaultConfigurationName = Release;
		};
/* End XCConfigurationList section */
	};
	rootObject = C22B347EFE76319AE059E919 /* Project object */;
}
